<?xml version="1.0" encoding="utf-8"?>
<Project ToolsVersion="4.0" xmlns="http://schemas.microsoft.com/developer/msbuild/2003">
  <ItemGroup>
    <ClCompile Include="main.cpp" />
    <ClCompile Include="Player.cpp" />
    <ClCompile Include="Slime.cpp" />
    <ClCompile Include="DebugPrint.cpp" />
    <ClCompile Include="ObjectBase.cpp" />
    <ClCompile Include="CharaBase.cpp" />
    <ClCompile Include="EnemyBase.cpp" />
    <ClCompile Include="EnemyManager.cpp" />
    <ClCompile Include="Field.cpp" />
    <ClCompile Include="Task.cpp" />
    <ClCompile Include="TaskManager.cpp" />
  </ItemGroup>
  <ItemGroup>
    <ClInclude Include="Global.h" />
    <ClInclude Include="Player.h" />
    <ClInclude Include="Slime.h" />
    <ClInclude Include="DebugPrint.h" />
    <ClInclude Include="ObjectBase.h" />
    <ClInclude Include="CharaBase.h" />
    <ClInclude Include="EnemyBase.h" />
    <ClInclude Include="EnemyManager.h" />
    <ClInclude Include="Field.h" />
    <ClInclude Include="Task.h" />
    <ClInclude Include="TaskManager.h" />
  </ItemGroup>
</Project>